{"1.1.0",
[{<<"emarkdown">>,{pkg,<<"emarkdown">>,<<"0.1.0">>},0},
 {<<"worker_pool">>,{pkg,<<"worker_pool">>,<<"4.0.0">>},0}]}.
[
{pkg_hash,[
 {<<"emarkdown">>, <<"F1310FB8EE1A488CB2E16AA4E13CB34A7B68B310222CC47BB817B52242D7337C">>},
 {<<"worker_pool">>, <<"CD94D94D3B1A2442E54DB001B0B3BA0BD1F9D8098F4253F57228C021524BB55B">>}]}
].
